// !$*UTF8*$!
{
	archiveVersion = 1;
	classes = {
	};
	objectVersion = 46;
	objects = {

/* Begin PBXBuildFile section */
		9A82D1981557C83800125004 /* UIKit.framework in Frameworks */ = {isa = PBXBuildFile; fileRef = 9A82D1971557C83800125004 /* UIKit.framework */; };
		9A82D19A1557C83800125004 /* Foundation.framework in Frameworks */ = {isa = PBXBuildFile; fileRef = 9A82D1991557C83800125004 /* Foundation.framework */; };
		9A82D19C1557C83900125004 /* CoreGraphics.framework in Frameworks */ = {isa = PBXBuildFile; fileRef = 9A82D19B1557C83800125004 /* CoreGraphics.framework */; };
		9A82D1A21557C83900125004 /* InfoPlist.strings in Resources */ = {isa = PBXBuildFile; fileRef = 9A82D1A01557C83900125004 /* InfoPlist.strings */; };
		9A82D1A41557C83900125004 /* main.m in Sources */ = {isa = PBXBuildFile; fileRef = 9A82D1A31557C83900125004 /* main.m */; };
		9A82D1A81557C83900125004 /* AppDelegate.m in Sources */ = {isa = PBXBuildFile; fileRef = 9A82D1A71557C83900125004 /* AppDelegate.m */; };
		9A82D1AB1557C83900125004 /* ViewController.m in Sources */ = {isa = PBXBuildFile; fileRef = 9A82D1AA1557C83900125004 /* ViewController.m */; };
		9A82D1AE1557C83900125004 /* ViewController.xib in Resources */ = {isa = PBXBuildFile; fileRef = 9A82D1AC1557C83900125004 /* ViewController.xib */; };
/* End PBXBuildFile section */

/* Begin PBXFileReference section */
		9A82D1931557C83800125004 /* Basket.app */ = {isa = PBXFileReference; explicitFileType = wrapper.application; includeInIndex = 0; path = Basket.app; sourceTree = BUILT_PRODUCTS_DIR; };
		9A82D1971557C83800125004 /* UIKit.framework */ = {isa = PBXFileReference; lastKnownFileType = wrapper.framework; name = UIKit.framework; path = System/Library/Frameworks/UIKit.framework; sourceTree = SDKROOT; };
		9A82D1991557C83800125004 /* Foundation.framework */ = {isa = PBXFileReference; lastKnownFileType = wrapper.framework; name = Foundation.framework; path = System/Library/Frameworks/Foundation.framework; sourceTree = SDKROOT; };
		9A82D19B1557C83800125004 /* CoreGraphics.framework */ = {isa = PBXFileReference; lastKnownFileType = wrapper.framework; name = CoreGraphics.framework; path = System/Library/Frameworks/CoreGraphics.framework; sourceTree = SDKROOT; };
		9A82D19F1557C83900125004 /* Basket-Info.plist */ = {isa = PBXFileReference; path = "Basket-Info.plist"; sourceTree = "<group>"; };
		9A82D1A11557C83900125004 /* en */ = {isa = PBXFileReference; lastKnownFileType = text.plist.strings; name = en; path = en.lproj/InfoPlist.strings; sourceTree = "<group>"; };
		9A82D1A31557C83900125004 /* main.m */ = {isa = PBXFileReference; lastKnownFileType = sourcecode.c.objc; path = main.m; sourceTree = "<group>"; };
		9A82D1A51557C83900125004 /* Basket-Prefix.pch */ = {isa = PBXFileReference; path = "Basket-Prefix.pch"; sourceTree = "<group>"; };
		9A82D1A61557C83900125004 /* AppDelegate.h */ = {isa = PBXFileReference; path = AppDelegate.h; sourceTree = "<group>"; };
		9A82D1A71557C83900125004 /* AppDelegate.m */ = {isa = PBXFileReference; lastKnownFileType = sourcecode.c.objc; path = AppDelegate.m; sourceTree = "<group>"; };
		9A82D1A91557C83900125004 /* ViewController.h */ = {isa = PBXFileReference; path = ViewController.h; sourceTree = "<group>"; };
		9A82D1AA1557C83900125004 /* ViewController.m */ = {isa = PBXFileReference; lastKnownFileType = sourcecode.c.objc; path = ViewController.m; sourceTree = "<group>"; };
		9A82D1AD1557C83900125004 /* en */ = {isa = PBXFileReference; lastKnownFileType = file.xib; name = en; path = en.lproj/ViewController.xib; sourceTree = "<group>"; };
/* End PBXFileReference section */

/* Begin PBXFrameworksBuildPhase section */
		9A82D1901557C83800125004 /* Frameworks */ = {
			isa = PBXFrameworksBuildPhase;
			buildActionMask = 2147483647;
			files = (
				9A82D1981557C83800125004 /* UIKit.framework in Frameworks */,
				9A82D19A1557C83800125004 /* Foundation.framework in Frameworks */,
				9A82D19C1557C83900125004 /* CoreGraphics.framework in Frameworks */,
			);
			runOnlyForDeploymentPostprocessing = 0;
		};
/* End PBXFrameworksBuildPhase section */

/* Begin PBXGroup section */
		9A82D1881557C83800125004 = {
			isa = PBXGroup;
			children = (
				9A82D19D1557C83900125004 /* Basket */,
				9A82D1961557C83800125004 /* Frameworks */,
				9A82D1941557C83800125004 /* Products */,
			);
			sourceTree = "<group>";
		};
		9A82D1941557C83800125004 /* Products */ = {
			isa = PBXGroup;
			children = (
				9A82D1931557C83800125004 /* Basket.app */,
			);
			name = Products;
			sourceTree = "<group>";
		};
		9A82D1961557C83800125004 /* Frameworks */ = {
			isa = PBXGroup;
			children = (
				9A82D1971557C83800125004 /* UIKit.framework */,
				9A82D1991557C83800125004 /* Foundation.framework */,
				9A82D19B1557C83800125004 /* CoreGraphics.framework */,
			);
			name = Frameworks;
			sourceTree = "<group>";
		};
		9A82D19D1557C83900125004 /* Basket */ = {
			isa = PBXGroup;
			children = (
				9A82D1A61557C83900125004 /* AppDelegate.h */,
				9A82D1A71557C83900125004 /* AppDelegate.m */,
				9A82D1A91557C83900125004 /* ViewController.h */,
				9A82D1AA1557C83900125004 /* ViewController.m */,
				9A82D1AC1557C83900125004 /* ViewController.xib */,
				9A82D19E1557C83900125004 /* Supporting Files */,
			);
			path = Basket;
			sourceTree = "<group>";
		};
		9A82D19E1557C83900125004 /* Supporting Files */ = {
			isa = PBXGroup;
			children = (
				9A82D19F1557C83900125004 /* Basket-Info.plist */,
				9A82D1A01557C83900125004 /* InfoPlist.strings */,
				9A82D1A31557C83900125004 /* main.m */,
				9A82D1A51557C83900125004 /* Basket-Prefix.pch */,
			);
			name = "Supporting Files";
			sourceTree = "<group>";
		};
/* End PBXGroup section */

/* Begin PBXNativeTarget section */
		9A82D1921557C83800125004 /* Basket */ = {
			isa = PBXNativeTarget;
			buildConfigurationList = 9A82D1B11557C83900125004 /* Build configuration list for PBXNativeTarget "Basket" */;
			buildPhases = (
				9A82D18F1557C83800125004 /* Sources */,
				9A82D1901557C83800125004 /* Frameworks */,
				9A82D1911557C83800125004 /* Resources */,
			);
			buildRules = (
			);
			dependencies = (
			);
			name = Basket;
			productName = Basket;
			productReference = 9A82D1931557C83800125004 /* Basket.app */;
			productType = "com.apple.product-type.application";
		};
/* End PBXNativeTarget section */

/* Begin PBXProject section */
		9A82D18A1557C83800125004 /* Project object */ = {
			isa = PBXProject;
			attributes = {
				LastUpgradeCheck = 0420;
			};
			buildConfigurationList = 9A82D18D1557C83800125004 /* Build configuration list for PBXProject "Basket" */;
			compatibilityVersion = "Xcode 3.2";
			developmentRegion = English;
			hasScannedForEncodings = 0;
			knownRegions = (
				en,
			);
			mainGroup = 9A82D1881557C83800125004;
			productRefGroup = 9A82D1941557C83800125004 /* Products */;
			projectDirPath = "";
			projectRoot = "";
			targets = (
				9A82D1921557C83800125004 /* Basket */,
			);
		};
/* End PBXProject section */

/* Begin PBXResourcesBuildPhase section */
		9A82D1911557C83800125004 /* Resources */ = {
			isa = PBXResourcesBuildPhase;
			buildActionMask = 2147483647;
			files = (
				9A82D1A21557C83900125004 /* InfoPlist.strings in Resources */,
				9A82D1AE1557C83900125004 /* ViewController.xib in Resources */,
			);
			runOnlyForDeploymentPostprocessing = 0;
		};
/* End PBXResourcesBuildPhase section */

/* Begin PBXSourcesBuildPhase section */
		9A82D18F1557C83800125004 /* Sources */ = {
			isa = PBXSourcesBuildPhase;
			buildActionMask = 2147483647;
			files = (
				9A82D1A41557C83900125004 /* main.m in Sources */,
				9A82D1A81557C83900125004 /* AppDelegate.m in Sources */,
				9A82D1AB1557C83900125004 /* ViewController.m in Sources */,
			);
			runOnlyForDeploymentPostprocessing = 0;
		};
/* End PBXSourcesBuildPhase section */

/* Begin PBXVariantGroup section */
		9A82D1A01557C83900125004 /* InfoPlist.strings */ = {
			isa = PBXVariantGroup;
			children = (
				9A82D1A11557C83900125004 /* en */,
			);
			name = InfoPlist.strings;
			sourceTree = "<group>";
		};
		9A82D1AC1557C83900125004 /* ViewController.xib */ = {
			isa = PBXVariantGroup;
			children = (
				9A82D1AD1557C83900125004 /* en */,
			);
			name = ViewController.xib;
			sourceTree = "<group>";
		};
/* End PBXVariantGroup section */

/* Begin XCBuildConfiguration section */
		9A82D1AF1557C83900125004 /* Debug */ = {
			isa = XCBuildConfiguration;
			buildSettings = {
				ALWAYS_SEARCH_USER_PATHS = NO;
				ARCHS = "$(ARCHS_STANDARD_32_BIT)";
				CLANG_ENABLE_OBJC_ARC = YES;
				"CODE_SIGN_IDENTITY[sdk=iphoneos*]" = "iPhone Developer";
				COPY_PHASE_STRIP = NO;
				GCC_C_LANGUAGE_STANDARD = gnu99;
				GCC_DYNAMIC_NO_PIC = NO;
				GCC_OPTIMIZATION_LEVEL = 0;
				GCC_PREPROCESSOR_DEFINITIONS = (
					"DEBUG=1",
					"$(inherited)",
				);
				GCC_SYMBOLS_PRIVATE_EXTERN = NO;
				GCC_VERSION = com.apple.compilers.llvm.clang.1_0;
				GCC_WARN_ABOUT_MISSING_PROTOTYPES = YES;
				GCC_WARN_ABOUT_RETURN_TYPE = YES;
				GCC_WARN_UNUSED_VARIABLE = YES;
				IPHONEOS_DEPLOYMENT_TARGET = 5.0;
				SDKROOT = iphoneos;
			};
			name = Debug;
		};
		9A82D1B01557C83900125004 /* Release */ = {
			isa = XCBuildConfiguration;
			buildSettings = {
				ALWAYS_SEARCH_USER_PATHS = NO;
				ARCHS = "$(ARCHS_STANDARD_32_BIT)";
				CLANG_ENABLE_OBJC_ARC = YES;
				"CODE_SIGN_IDENTITY[sdk=iphoneos*]" = "iPhone Developer";
				COPY_PHASE_STRIP = YES;
				GCC_C_LANGUAGE_STANDARD = gnu99;
				GCC_VERSION = com.apple.compilers.llvm.clang.1_0;
				GCC_WARN_ABOUT_MISSING_PROTOTYPES = YES;
				GCC_WARN_ABOUT_RETURN_TYPE = YES;
				GCC_WARN_UNUSED_VARIABLE = YES;
				IPHONEOS_DEPLOYMENT_TARGET = 5.0;
				OTHER_CFLAGS = "-DNS_BLOCK_ASSERTIONS=1";
				SDKROOT = iphoneos;
				VALIDATE_PRODUCT = YES;
			};
			name = Release;
		};
		9A82D1B21557C83900125004 /* Debug */ = {
			isa = XCBuildConfiguration;
			buildSettings = {
				GCC_PRECOMPILE_PREFIX_HEADER = YES;
				GCC_PREFIX_HEADER = "Basket/Basket-Prefix.pch";
				INFOPLIST_FILE = "Basket/Basket-Info.plist";
				PRODUCT_NAME = "$(TARGET_NAME)";
				WRAPPER_EXTENSION = app;
			};
			name = Debug;
		};
		9A82D1B31557C83900125004 /* Release */ = {
			isa = XCBuildConfiguration;
			buildSettings = {
				GCC_PRECOMPILE_PREFIX_HEADER = YES;
				GCC_PREFIX_HEADER = "Basket/Basket-Prefix.pch";
				INFOPLIST_FILE = "Basket/Basket-Info.plist";
				PRODUCT_NAME = "$(TARGET_NAME)";
				WRAPPER_EXTENSION = app;
			};
			name = Release;
		};
/* End XCBuildConfiguration section */

/* Begin XCConfigurationList section */
		9A82D18D1557C83800125004 /* Build configuration list for PBXProject "Basket" */ = {
			isa = XCConfigurationList;
			buildConfigurations = (
				9A82D1AF1557C83900125004 /* Debug */,
				9A82D1B01557C83900125004 /* Release */,
			);
			defaultConfigurationIsVisible = 0;
			defaultConfigurationName = Release;
		};
		9A82D1B11557C83900125004 /* Build configuration list for PBXNativeTarget "Basket" */ = {
			isa = XCConfigurationList;
			buildConfigurations = (
				9A82D1B21557C83900125004 /* Debug */,
				9A82D1B31557C83900125004 /* Release */,
			);
			defaultConfigurationIsVisible = 0;
		};
/* End XCConfigurationList section */
	};
	rootObject = 9A82D18A1557C83800125004 /* Project object */;
}
